
Microsoft Visual Studio Solution File, Format Version 11.00
# Visual Studio 2010
Project("{FAE04EC0-301F-11D3-BF4B-00C04F79EFBC}") = "Assembly-CSharp", "Assembly-CSharp.csproj", "{CAF8A8F3-C730-E6C7-D770-57032766CFD8}"
EndProject
Global
	GlobalSection(SolutionConfigurationPlatforms) = preSolution
		Debug|Any CPU = Debug|Any CPU
		Release|Any CPU = Release|Any CPU
	EndGlobalSection
	GlobalSection(ProjectConfigurationPlatforms) = postSolution
		{CAF8A8F3-C730-E6C7-D770-57032766CFD8}.Debug|Any CPU.ActiveCfg = Debug|Any CPU
		{CAF8A8F3-C730-E6C7-D770-57032766CFD8}.Debug|Any CPU.Build.0 = Debug|Any CPU
		{CAF8A8F3-C730-E6C7-D770-57032766CFD8}.Release|Any CPU.ActiveCfg = Release|Any CPU
		{CAF8A8F3-C730-E6C7-D770-57032766CFD8}.Release|Any CPU.Build.0 = Release|Any CPU
	EndGlobalSection
	GlobalSection(SolutionProperties) = preSolution
		HideSolutionNode = FALSE
	EndGlobalSection
EndGlobal
